
Microsoft Visual Studio Solution File, Format Version 12.00
# Visual Studio 15
VisualStudioVersion = 15.0.28307.421
MinimumVisualStudioVersion = 10.0.40219.1
Project("{FAE04EC0-301F-11D3-BF4B-00C04F79EFBC}") = "HW4", "HW4\HW4.csproj", "{59D0AAFC-E13E-4F06-BFF8-632159E01C45}"
EndProject
Global
	GlobalSection(SolutionConfigurationPlatforms) = preSolution
		Debug|Any CPU = Debug|Any CPU
		Release|Any CPU = Release|Any CPU
	EndGlobalSection
	GlobalSection(ProjectConfigurationPlatforms) = postSolution
		{59D0AAFC-E13E-4F06-BFF8-632159E01C45}.Debug|Any CPU.ActiveCfg = Debug|Any CPU
		{59D0AAFC-E13E-4F06-BFF8-632159E01C45}.Debug|Any CPU.Build.0 = Debug|Any CPU
		{59D0AAFC-E13E-4F06-BFF8-632159E01C45}.Release|Any CPU.ActiveCfg = Release|Any CPU
		{59D0AAFC-E13E-4F06-BFF8-632159E01C45}.Release|Any CPU.Build.0 = Release|Any CPU
	EndGlobalSection
	GlobalSection(SolutionProperties) = preSolution
		HideSolutionNode = FALSE
	EndGlobalSection
	GlobalSection(ExtensibilityGlobals) = postSolution
		SolutionGuid = {ED60405E-2DFB-4E48-ACF2-226EF1777BD5}
	EndGlobalSection
EndGlobal
