
Microsoft Visual Studio Solution File, Format Version 12.00
# Visual Studio 15
VisualStudioVersion = 15.0.28307.539
MinimumVisualStudioVersion = 10.0.40219.1
Project("{FAE04EC0-301F-11D3-BF4B-00C04F79EFBC}") = "HW6", "HW6\HW6.csproj", "{473CB1F4-70CE-4EB7-9A65-18A40BEE721D}"
EndProject
Global
	GlobalSection(SolutionConfigurationPlatforms) = preSolution
		Debug|Any CPU = Debug|Any CPU
		Release|Any CPU = Release|Any CPU
	EndGlobalSection
	GlobalSection(ProjectConfigurationPlatforms) = postSolution
		{473CB1F4-70CE-4EB7-9A65-18A40BEE721D}.Debug|Any CPU.ActiveCfg = Debug|Any CPU
		{473CB1F4-70CE-4EB7-9A65-18A40BEE721D}.Debug|Any CPU.Build.0 = Debug|Any CPU
		{473CB1F4-70CE-4EB7-9A65-18A40BEE721D}.Release|Any CPU.ActiveCfg = Release|Any CPU
		{473CB1F4-70CE-4EB7-9A65-18A40BEE721D}.Release|Any CPU.Build.0 = Release|Any CPU
	EndGlobalSection
	GlobalSection(SolutionProperties) = preSolution
		HideSolutionNode = FALSE
	EndGlobalSection
	GlobalSection(ExtensibilityGlobals) = postSolution
		SolutionGuid = {A463202C-635F-4833-A9DF-D78C32F6DF57}
	EndGlobalSection
EndGlobal
