
Microsoft Visual Studio Solution File, Format Version 12.00
# Visual Studio Version 16
VisualStudioVersion = 16.0.28803.352
MinimumVisualStudioVersion = 10.0.40219.1
Project("{FAE04EC0-301F-11D3-BF4B-00C04F79EFBC}") = "HW5", "HW5\HW5.csproj", "{BE4B2576-37E9-402F-9A61-CA9F0BD7CB67}"
EndProject
Global
	GlobalSection(SolutionConfigurationPlatforms) = preSolution
		Debug|Any CPU = Debug|Any CPU
		Release|Any CPU = Release|Any CPU
	EndGlobalSection
	GlobalSection(ProjectConfigurationPlatforms) = postSolution
		{BE4B2576-37E9-402F-9A61-CA9F0BD7CB67}.Debug|Any CPU.ActiveCfg = Debug|Any CPU
		{BE4B2576-37E9-402F-9A61-CA9F0BD7CB67}.Debug|Any CPU.Build.0 = Debug|Any CPU
		{BE4B2576-37E9-402F-9A61-CA9F0BD7CB67}.Release|Any CPU.ActiveCfg = Release|Any CPU
		{BE4B2576-37E9-402F-9A61-CA9F0BD7CB67}.Release|Any CPU.Build.0 = Release|Any CPU
	EndGlobalSection
	GlobalSection(SolutionProperties) = preSolution
		HideSolutionNode = FALSE
	EndGlobalSection
	GlobalSection(ExtensibilityGlobals) = postSolution
		SolutionGuid = {85184B63-3E4A-4C9F-9133-14BA809CAA42}
	EndGlobalSection
EndGlobal
